// !$*UTF8*$!
{
	archiveVersion = 1;
	classes = {
	};
	objectVersion = 46;
	objects = {

/* Begin PBXBuildFile section */
		1D565FA203914CFEE2AA5C40 /* Pods_Twitter.framework in Frameworks */ = {isa = PBXBuildFile; fileRef = 731FA12F10216961897B3F34 /* Pods_Twitter.framework */; };
		B70EAB941F7B54DA0023C949 /* AppDelegate.swift in Sources */ = {isa = PBXBuildFile; fileRef = B70EAB931F7B54DA0023C949 /* AppDelegate.swift */; };
		B70EAB961F7B54DA0023C949 /* LoginViewController.swift in Sources */ = {isa = PBXBuildFile; fileRef = B70EAB951F7B54DA0023C949 /* LoginViewController.swift */; };
		B70EAB991F7B54DA0023C949 /* Main.storyboard in Resources */ = {isa = PBXBuildFile; fileRef = B70EAB971F7B54DA0023C949 /* Main.storyboard */; };
		B70EAB9B1F7B54DA0023C949 /* Assets.xcassets in Resources */ = {isa = PBXBuildFile; fileRef = B70EAB9A1F7B54DA0023C949 /* Assets.xcassets */; };
		B70EAB9E1F7B54DA0023C949 /* LaunchScreen.storyboard in Resources */ = {isa = PBXBuildFile; fileRef = B70EAB9C1F7B54DA0023C949 /* LaunchScreen.storyboard */; };
		B70EABA91F7B54DA0023C949 /* TwitterTests.swift in Sources */ = {isa = PBXBuildFile; fileRef = B70EABA81F7B54DA0023C949 /* TwitterTests.swift */; };
		B7BB153C1F7B728F00AD7E1B /* User.swift in Sources */ = {isa = PBXBuildFile; fileRef = B7BB153B1F7B728F00AD7E1B /* User.swift */; };
		B7BB153E1F7B73B700AD7E1B /* Tweet.swift in Sources */ = {isa = PBXBuildFile; fileRef = B7BB153D1F7B73B700AD7E1B /* Tweet.swift */; };
		B7BB15411F7B7B8000AD7E1B /* TwitterClient.swift in Sources */ = {isa = PBXBuildFile; fileRef = B7BB15401F7B7B8000AD7E1B /* TwitterClient.swift */; };
		B7BB59EF1F7CCD8A00401A5F /* TweetsViewController.swift in Sources */ = {isa = PBXBuildFile; fileRef = B7BB59EE1F7CCD8A00401A5F /* TweetsViewController.swift */; };
		B7BD73461F7ECD290090DC60 /* TweetCell.swift in Sources */ = {isa = PBXBuildFile; fileRef = B7BD73451F7ECD290090DC60 /* TweetCell.swift */; };
		B7BD73491F7EEA570090DC60 /* DateUtil.swift in Sources */ = {isa = PBXBuildFile; fileRef = B7BD73481F7EEA570090DC60 /* DateUtil.swift */; };
		B7BD734B1F7EF1B90090DC60 /* ComposeViewController.swift in Sources */ = {isa = PBXBuildFile; fileRef = B7BD734A1F7EF1B90090DC60 /* ComposeViewController.swift */; };
		B7BD734D1F7F35950090DC60 /* TweetDetailsViewController.swift in Sources */ = {isa = PBXBuildFile; fileRef = B7BD734C1F7F35950090DC60 /* TweetDetailsViewController.swift */; };
		B7BD734F1F7F4B380090DC60 /* ControlGroupView.swift in Sources */ = {isa = PBXBuildFile; fileRef = B7BD734E1F7F4B380090DC60 /* ControlGroupView.swift */; };
		B7BD73531F7F755C0090DC60 /* InfiniteScrollActivityView.swift in Sources */ = {isa = PBXBuildFile; fileRef = B7BD73521F7F755C0090DC60 /* InfiniteScrollActivityView.swift */; };
		D1CE8ABE3E0A3B74AED80DEE /* Pods_TwitterTests.framework in Frameworks */ = {isa = PBXBuildFile; fileRef = 90F0E675E7CFE11C0C12080A /* Pods_TwitterTests.framework */; };
/* End PBXBuildFile section */

/* Begin PBXContainerItemProxy section */
		B70EABA51F7B54DA0023C949 /* PBXContainerItemProxy */ = {
			isa = PBXContainerItemProxy;
			containerPortal = B70EAB881F7B54DA0023C949 /* Project object */;
			proxyType = 1;
			remoteGlobalIDString = B70EAB8F1F7B54DA0023C949;
			remoteInfo = Twitter;
		};
/* End PBXContainerItemProxy section */

/* Begin PBXFileReference section */
		59A70AB1DADD02EC402301D8 /* Pods-TwitterTests.release.xcconfig */ = {isa = PBXFileReference; includeInIndex = 1; lastKnownFileType = text.xcconfig; name = "Pods-TwitterTests.release.xcconfig"; path = "Pods/Target Support Files/Pods-TwitterTests/Pods-TwitterTests.release.xcconfig"; sourceTree = "<group>"; };
		6B461D78DD92D31E76CDD436 /* Pods-Twitter.debug.xcconfig */ = {isa = PBXFileReference; includeInIndex = 1; lastKnownFileType = text.xcconfig; name = "Pods-Twitter.debug.xcconfig"; path = "Pods/Target Support Files/Pods-Twitter/Pods-Twitter.debug.xcconfig"; sourceTree = "<group>"; };
		731FA12F10216961897B3F34 /* Pods_Twitter.framework */ = {isa = PBXFileReference; explicitFileType = wrapper.framework; includeInIndex = 0; path = Pods_Twitter.framework; sourceTree = BUILT_PRODUCTS_DIR; };
		7A2D7189A71BEE7B3897D233 /* Pods-TwitterTests.debug.xcconfig */ = {isa = PBXFileReference; includeInIndex = 1; lastKnownFileType = text.xcconfig; name = "Pods-TwitterTests.debug.xcconfig"; path = "Pods/Target Support Files/Pods-TwitterTests/Pods-TwitterTests.debug.xcconfig"; sourceTree = "<group>"; };
		90F0E675E7CFE11C0C12080A /* Pods_TwitterTests.framework */ = {isa = PBXFileReference; explicitFileType = wrapper.framework; includeInIndex = 0; path = Pods_TwitterTests.framework; sourceTree = BUILT_PRODUCTS_DIR; };
		B70EAB901F7B54DA0023C949 /* Twitter.app */ = {isa = PBXFileReference; explicitFileType = wrapper.application; includeInIndex = 0; path = Twitter.app; sourceTree = BUILT_PRODUCTS_DIR; };
		B70EAB931F7B54DA0023C949 /* AppDelegate.swift */ = {isa = PBXFileReference; lastKnownFileType = sourcecode.swift; path = AppDelegate.swift; sourceTree = "<group>"; };
		B70EAB951F7B54DA0023C949 /* LoginViewController.swift */ = {isa = PBXFileReference; lastKnownFileType = sourcecode.swift; path = LoginViewController.swift; sourceTree = "<group>"; };
		B70EAB981F7B54DA0023C949 /* Base */ = {isa = PBXFileReference; lastKnownFileType = file.storyboard; name = Base; path = Base.lproj/Main.storyboard; sourceTree = "<group>"; };
		B70EAB9A1F7B54DA0023C949 /* Assets.xcassets */ = {isa = PBXFileReference; lastKnownFileType = folder.assetcatalog; path = Assets.xcassets; sourceTree = "<group>"; };
		B70EAB9D1F7B54DA0023C949 /* Base */ = {isa = PBXFileReference; lastKnownFileType = file.storyboard; name = Base; path = Base.lproj/LaunchScreen.storyboard; sourceTree = "<group>"; };
		B70EAB9F1F7B54DA0023C949 /* Info.plist */ = {isa = PBXFileReference; lastKnownFileType = text.plist.xml; path = Info.plist; sourceTree = "<group>"; };
		B70EABA41F7B54DA0023C949 /* TwitterTests.xctest */ = {isa = PBXFileReference; explicitFileType = wrapper.cfbundle; includeInIndex = 0; path = TwitterTests.xctest; sourceTree = BUILT_PRODUCTS_DIR; };
		B70EABA81F7B54DA0023C949 /* TwitterTests.swift */ = {isa = PBXFileReference; lastKnownFileType = sourcecode.swift; path = TwitterTests.swift; sourceTree = "<group>"; };
		B70EABAA1F7B54DA0023C949 /* Info.plist */ = {isa = PBXFileReference; lastKnownFileType = text.plist.xml; path = Info.plist; sourceTree = "<group>"; };
		B7BB153B1F7B728F00AD7E1B /* User.swift */ = {isa = PBXFileReference; fileEncoding = 4; lastKnownFileType = sourcecode.swift; path = User.swift; sourceTree = "<group>"; };
		B7BB153D1F7B73B700AD7E1B /* Tweet.swift */ = {isa = PBXFileReference; fileEncoding = 4; lastKnownFileType = sourcecode.swift; path = Tweet.swift; sourceTree = "<group>"; };
		B7BB15401F7B7B8000AD7E1B /* TwitterClient.swift */ = {isa = PBXFileReference; fileEncoding = 4; lastKnownFileType = sourcecode.swift; path = TwitterClient.swift; sourceTree = "<group>"; };
		B7BB59EE1F7CCD8A00401A5F /* TweetsViewController.swift */ = {isa = PBXFileReference; fileEncoding = 4; lastKnownFileType = sourcecode.swift; path = TweetsViewController.swift; sourceTree = "<group>"; };
		B7BD73451F7ECD290090DC60 /* TweetCell.swift */ = {isa = PBXFileReference; fileEncoding = 4; lastKnownFileType = sourcecode.swift; path = TweetCell.swift; sourceTree = "<group>"; };
		B7BD73481F7EEA570090DC60 /* DateUtil.swift */ = {isa = PBXFileReference; fileEncoding = 4; lastKnownFileType = sourcecode.swift; path = DateUtil.swift; sourceTree = "<group>"; };
		B7BD734A1F7EF1B90090DC60 /* ComposeViewController.swift */ = {isa = PBXFileReference; fileEncoding = 4; lastKnownFileType = sourcecode.swift; path = ComposeViewController.swift; sourceTree = "<group>"; };
		B7BD734C1F7F35950090DC60 /* TweetDetailsViewController.swift */ = {isa = PBXFileReference; fileEncoding = 4; lastKnownFileType = sourcecode.swift; path = TweetDetailsViewController.swift; sourceTree = "<group>"; };
		B7BD734E1F7F4B380090DC60 /* ControlGroupView.swift */ = {isa = PBXFileReference; fileEncoding = 4; lastKnownFileType = sourcecode.swift; path = ControlGroupView.swift; sourceTree = "<group>"; };
		B7BD73521F7F755C0090DC60 /* InfiniteScrollActivityView.swift */ = {isa = PBXFileReference; fileEncoding = 4; lastKnownFileType = sourcecode.swift; path = InfiniteScrollActivityView.swift; sourceTree = "<group>"; };
		CF26C44B83046A50692FAD24 /* Pods-Twitter.release.xcconfig */ = {isa = PBXFileReference; includeInIndex = 1; lastKnownFileType = text.xcconfig; name = "Pods-Twitter.release.xcconfig"; path = "Pods/Target Support Files/Pods-Twitter/Pods-Twitter.release.xcconfig"; sourceTree = "<group>"; };
/* End PBXFileReference section */

/* Begin PBXFrameworksBuildPhase section */
		B70EAB8D1F7B54DA0023C949 /* Frameworks */ = {
			isa = PBXFrameworksBuildPhase;
			buildActionMask = 2147483647;
			files = (
				1D565FA203914CFEE2AA5C40 /* Pods_Twitter.framework in Frameworks */,
			);
			runOnlyForDeploymentPostprocessing = 0;
		};
		B70EABA11F7B54DA0023C949 /* Frameworks */ = {
			isa = PBXFrameworksBuildPhase;
			buildActionMask = 2147483647;
			files = (
				D1CE8ABE3E0A3B74AED80DEE /* Pods_TwitterTests.framework in Frameworks */,
			);
			runOnlyForDeploymentPostprocessing = 0;
		};
/* End PBXFrameworksBuildPhase section */

/* Begin PBXGroup section */
		01FD2390330D6AFCF59FFB66 /* Pods */ = {
			isa = PBXGroup;
			children = (
				6B461D78DD92D31E76CDD436 /* Pods-Twitter.debug.xcconfig */,
				CF26C44B83046A50692FAD24 /* Pods-Twitter.release.xcconfig */,
				7A2D7189A71BEE7B3897D233 /* Pods-TwitterTests.debug.xcconfig */,
				59A70AB1DADD02EC402301D8 /* Pods-TwitterTests.release.xcconfig */,
			);
			name = Pods;
			sourceTree = "<group>";
		};
		36D14B3BE3506569554622CD /* Frameworks */ = {
			isa = PBXGroup;
			children = (
				731FA12F10216961897B3F34 /* Pods_Twitter.framework */,
				90F0E675E7CFE11C0C12080A /* Pods_TwitterTests.framework */,
			);
			name = Frameworks;
			sourceTree = "<group>";
		};
		B70EAB871F7B54DA0023C949 = {
			isa = PBXGroup;
			children = (
				B70EAB921F7B54DA0023C949 /* Twitter */,
				B70EABA71F7B54DA0023C949 /* TwitterTests */,
				B70EAB911F7B54DA0023C949 /* Products */,
				01FD2390330D6AFCF59FFB66 /* Pods */,
				36D14B3BE3506569554622CD /* Frameworks */,
			);
			sourceTree = "<group>";
		};
		B70EAB911F7B54DA0023C949 /* Products */ = {
			isa = PBXGroup;
			children = (
				B70EAB901F7B54DA0023C949 /* Twitter.app */,
				B70EABA41F7B54DA0023C949 /* TwitterTests.xctest */,
			);
			name = Products;
			sourceTree = "<group>";
		};
		B70EAB921F7B54DA0023C949 /* Twitter */ = {
			isa = PBXGroup;
			children = (
				B7BD73471F7EEA440090DC60 /* Utils */,
				B7BD73441F7ECCFB0090DC60 /* Views */,
				B7BB153F1F7B7B5800AD7E1B /* API */,
				B7BB153A1F7B723500AD7E1B /* Models */,
				B75A090C1F7B613200993038 /* View Controllers */,
				B70EAB931F7B54DA0023C949 /* AppDelegate.swift */,
				B70EAB971F7B54DA0023C949 /* Main.storyboard */,
				B70EAB9A1F7B54DA0023C949 /* Assets.xcassets */,
				B70EAB9C1F7B54DA0023C949 /* LaunchScreen.storyboard */,
				B70EAB9F1F7B54DA0023C949 /* Info.plist */,
			);
			path = Twitter;
			sourceTree = "<group>";
		};
		B70EABA71F7B54DA0023C949 /* TwitterTests */ = {
			isa = PBXGroup;
			children = (
				B70EABA81F7B54DA0023C949 /* TwitterTests.swift */,
				B70EABAA1F7B54DA0023C949 /* Info.plist */,
			);
			path = TwitterTests;
			sourceTree = "<group>";
		};
		B75A090C1F7B613200993038 /* View Controllers */ = {
			isa = PBXGroup;
			children = (
				B70EAB951F7B54DA0023C949 /* LoginViewController.swift */,
				B7BB59EE1F7CCD8A00401A5F /* TweetsViewController.swift */,
				B7BD734A1F7EF1B90090DC60 /* ComposeViewController.swift */,
				B7BD734C1F7F35950090DC60 /* TweetDetailsViewController.swift */,
			);
			name = "View Controllers";
			sourceTree = "<group>";
		};
		B7BB153A1F7B723500AD7E1B /* Models */ = {
			isa = PBXGroup;
			children = (
				B7BB153B1F7B728F00AD7E1B /* User.swift */,
				B7BB153D1F7B73B700AD7E1B /* Tweet.swift */,
			);
			name = Models;
			sourceTree = "<group>";
		};
		B7BB153F1F7B7B5800AD7E1B /* API */ = {
			isa = PBXGroup;
			children = (
				B7BB15401F7B7B8000AD7E1B /* TwitterClient.swift */,
			);
			name = API;
			sourceTree = "<group>";
		};
		B7BD73441F7ECCFB0090DC60 /* Views */ = {
			isa = PBXGroup;
			children = (
				B7BD73451F7ECD290090DC60 /* TweetCell.swift */,
				B7BD734E1F7F4B380090DC60 /* ControlGroupView.swift */,
			);
			name = Views;
			sourceTree = "<group>";
		};
		B7BD73471F7EEA440090DC60 /* Utils */ = {
			isa = PBXGroup;
			children = (
				B7BD73481F7EEA570090DC60 /* DateUtil.swift */,
				B7BD73521F7F755C0090DC60 /* InfiniteScrollActivityView.swift */,
			);
			name = Utils;
			sourceTree = "<group>";
		};
/* End PBXGroup section */

/* Begin PBXNativeTarget section */
		B70EAB8F1F7B54DA0023C949 /* Twitter */ = {
			isa = PBXNativeTarget;
			buildConfigurationList = B70EABAD1F7B54DA0023C949 /* Build configuration list for PBXNativeTarget "Twitter" */;
			buildPhases = (
				99B34CD4467B79CEF43D9A20 /* [CP] Check Pods Manifest.lock */,
				B70EAB8C1F7B54DA0023C949 /* Sources */,
				B70EAB8D1F7B54DA0023C949 /* Frameworks */,
				B70EAB8E1F7B54DA0023C949 /* Resources */,
				E7478C0D60BB64CB59040B31 /* [CP] Embed Pods Frameworks */,
				9EEB017625B12BEFF6935373 /* [CP] Copy Pods Resources */,
			);
			buildRules = (
			);
			dependencies = (
			);
			name = Twitter;
			productName = Twitter;
			productReference = B70EAB901F7B54DA0023C949 /* Twitter.app */;
			productType = "com.apple.product-type.application";
		};
		B70EABA31F7B54DA0023C949 /* TwitterTests */ = {
			isa = PBXNativeTarget;
			buildConfigurationList = B70EABB01F7B54DA0023C949 /* Build configuration list for PBXNativeTarget "TwitterTests" */;
			buildPhases = (
				CD3C60F1D0F7944C70F23FE3 /* [CP] Check Pods Manifest.lock */,
				B70EABA01F7B54DA0023C949 /* Sources */,
				B70EABA11F7B54DA0023C949 /* Frameworks */,
				B70EABA21F7B54DA0023C949 /* Resources */,
				6479D4254A9607DABD0EC5B2 /* [CP] Embed Pods Frameworks */,
				D73FE6A0997ABBC501B8BB50 /* [CP] Copy Pods Resources */,
			);
			buildRules = (
			);
			dependencies = (
				B70EABA61F7B54DA0023C949 /* PBXTargetDependency */,
			);
			name = TwitterTests;
			productName = TwitterTests;
			productReference = B70EABA41F7B54DA0023C949 /* TwitterTests.xctest */;
			productType = "com.apple.product-type.bundle.unit-test";
		};
/* End PBXNativeTarget section */

/* Begin PBXProject section */
		B70EAB881F7B54DA0023C949 /* Project object */ = {
			isa = PBXProject;
			attributes = {
				LastSwiftUpdateCheck = 0830;
				LastUpgradeCheck = 0830;
				ORGANIZATIONNAME = "Raina Wang";
				TargetAttributes = {
					B70EAB8F1F7B54DA0023C949 = {
						CreatedOnToolsVersion = 8.3.3;
						ProvisioningStyle = Automatic;
					};
					B70EABA31F7B54DA0023C949 = {
						CreatedOnToolsVersion = 8.3.3;
						ProvisioningStyle = Automatic;
						TestTargetID = B70EAB8F1F7B54DA0023C949;
					};
				};
			};
			buildConfigurationList = B70EAB8B1F7B54DA0023C949 /* Build configuration list for PBXProject "Twitter" */;
			compatibilityVersion = "Xcode 3.2";
			developmentRegion = English;
			hasScannedForEncodings = 0;
			knownRegions = (
				en,
				Base,
			);
			mainGroup = B70EAB871F7B54DA0023C949;
			productRefGroup = B70EAB911F7B54DA0023C949 /* Products */;
			projectDirPath = "";
			projectRoot = "";
			targets = (
				B70EAB8F1F7B54DA0023C949 /* Twitter */,
				B70EABA31F7B54DA0023C949 /* TwitterTests */,
			);
		};
/* End PBXProject section */

/* Begin PBXResourcesBuildPhase section */
		B70EAB8E1F7B54DA0023C949 /* Resources */ = {
			isa = PBXResourcesBuildPhase;
			buildActionMask = 2147483647;
			files = (
				B70EAB9E1F7B54DA0023C949 /* LaunchScreen.storyboard in Resources */,
				B70EAB9B1F7B54DA0023C949 /* Assets.xcassets in Resources */,
				B70EAB991F7B54DA0023C949 /* Main.storyboard in Resources */,
			);
			runOnlyForDeploymentPostprocessing = 0;
		};
		B70EABA21F7B54DA0023C949 /* Resources */ = {
			isa = PBXResourcesBuildPhase;
			buildActionMask = 2147483647;
			files = (
			);
			runOnlyForDeploymentPostprocessing = 0;
		};
/* End PBXResourcesBuildPhase section */

/* Begin PBXShellScriptBuildPhase section */
		6479D4254A9607DABD0EC5B2 /* [CP] Embed Pods Frameworks */ = {
			isa = PBXShellScriptBuildPhase;
			buildActionMask = 2147483647;
			files = (
			);
			inputPaths = (
			);
			name = "[CP] Embed Pods Frameworks";
			outputPaths = (
			);
			runOnlyForDeploymentPostprocessing = 0;
			shellPath = /bin/sh;
			shellScript = "\"${SRCROOT}/Pods/Target Support Files/Pods-TwitterTests/Pods-TwitterTests-frameworks.sh\"\n";
			showEnvVarsInLog = 0;
		};
		99B34CD4467B79CEF43D9A20 /* [CP] Check Pods Manifest.lock */ = {
			isa = PBXShellScriptBuildPhase;
			buildActionMask = 2147483647;
			files = (
			);
			inputPaths = (
				"${PODS_PODFILE_DIR_PATH}/Podfile.lock",
				"${PODS_ROOT}/Manifest.lock",
			);
			name = "[CP] Check Pods Manifest.lock";
			outputPaths = (
				"$(DERIVED_FILE_DIR)/Pods-Twitter-checkManifestLockResult.txt",
			);
			runOnlyForDeploymentPostprocessing = 0;
			shellPath = /bin/sh;
			shellScript = "diff \"${PODS_PODFILE_DIR_PATH}/Podfile.lock\" \"${PODS_ROOT}/Manifest.lock\" > /dev/null\nif [ $? != 0 ] ; then\n    # print error to STDERR\n    echo \"error: The sandbox is not in sync with the Podfile.lock. Run 'pod install' or update your CocoaPods installation.\" >&2\n    exit 1\nfi\n# This output is used by Xcode 'outputs' to avoid re-running this script phase.\necho \"SUCCESS\" > \"${SCRIPT_OUTPUT_FILE_0}\"\n";
			showEnvVarsInLog = 0;
		};
		9EEB017625B12BEFF6935373 /* [CP] Copy Pods Resources */ = {
			isa = PBXShellScriptBuildPhase;
			buildActionMask = 2147483647;
			files = (
			);
			inputPaths = (
			);
			name = "[CP] Copy Pods Resources";
			outputPaths = (
			);
			runOnlyForDeploymentPostprocessing = 0;
			shellPath = /bin/sh;
			shellScript = "\"${SRCROOT}/Pods/Target Support Files/Pods-Twitter/Pods-Twitter-resources.sh\"\n";
			showEnvVarsInLog = 0;
		};
		CD3C60F1D0F7944C70F23FE3 /* [CP] Check Pods Manifest.lock */ = {
			isa = PBXShellScriptBuildPhase;
			buildActionMask = 2147483647;
			files = (
			);
			inputPaths = (
				"${PODS_PODFILE_DIR_PATH}/Podfile.lock",
				"${PODS_ROOT}/Manifest.lock",
			);
			name = "[CP] Check Pods Manifest.lock";
			outputPaths = (
				"$(DERIVED_FILE_DIR)/Pods-TwitterTests-checkManifestLockResult.txt",
			);
			runOnlyForDeploymentPostprocessing = 0;
			shellPath = /bin/sh;
			shellScript = "diff \"${PODS_PODFILE_DIR_PATH}/Podfile.lock\" \"${PODS_ROOT}/Manifest.lock\" > /dev/null\nif [ $? != 0 ] ; then\n    # print error to STDERR\n    echo \"error: The sandbox is not in sync with the Podfile.lock. Run 'pod install' or update your CocoaPods installation.\" >&2\n    exit 1\nfi\n# This output is used by Xcode 'outputs' to avoid re-running this script phase.\necho \"SUCCESS\" > \"${SCRIPT_OUTPUT_FILE_0}\"\n";
			showEnvVarsInLog = 0;
		};
		D73FE6A0997ABBC501B8BB50 /* [CP] Copy Pods Resources */ = {
			isa = PBXShellScriptBuildPhase;
			buildActionMask = 2147483647;
			files = (
			);
			inputPaths = (
			);
			name = "[CP] Copy Pods Resources";
			outputPaths = (
			);
			runOnlyForDeploymentPostprocessing = 0;
			shellPath = /bin/sh;
			shellScript = "\"${SRCROOT}/Pods/Target Support Files/Pods-TwitterTests/Pods-TwitterTests-resources.sh\"\n";
			showEnvVarsInLog = 0;
		};
		E7478C0D60BB64CB59040B31 /* [CP] Embed Pods Frameworks */ = {
			isa = PBXShellScriptBuildPhase;
			buildActionMask = 2147483647;
			files = (
			);
			inputPaths = (
				"${SRCROOT}/Pods/Target Support Files/Pods-Twitter/Pods-Twitter-frameworks.sh",
				"${BUILT_PRODUCTS_DIR}/AFNetworkActivityLogger/AFNetworkActivityLogger.framework",
				"${BUILT_PRODUCTS_DIR}/AFNetworking/AFNetworking.framework",
				"${BUILT_PRODUCTS_DIR}/BDBOAuth1Manager/BDBOAuth1Manager.framework",
			);
			name = "[CP] Embed Pods Frameworks";
			outputPaths = (
				"${TARGET_BUILD_DIR}/${FRAMEWORKS_FOLDER_PATH}/AFNetworkActivityLogger.framework",
				"${TARGET_BUILD_DIR}/${FRAMEWORKS_FOLDER_PATH}/AFNetworking.framework",
				"${TARGET_BUILD_DIR}/${FRAMEWORKS_FOLDER_PATH}/BDBOAuth1Manager.framework",
			);
			runOnlyForDeploymentPostprocessing = 0;
			shellPath = /bin/sh;
			shellScript = "\"${SRCROOT}/Pods/Target Support Files/Pods-Twitter/Pods-Twitter-frameworks.sh\"\n";
			showEnvVarsInLog = 0;
		};
/* End PBXShellScriptBuildPhase section */

/* Begin PBXSourcesBuildPhase section */
		B70EAB8C1F7B54DA0023C949 /* Sources */ = {
			isa = PBXSourcesBuildPhase;
			buildActionMask = 2147483647;
			files = (
				B7BD734B1F7EF1B90090DC60 /* ComposeViewController.swift in Sources */,
				B7BD73531F7F755C0090DC60 /* InfiniteScrollActivityView.swift in Sources */,
				B7BB15411F7B7B8000AD7E1B /* TwitterClient.swift in Sources */,
				B7BD734D1F7F35950090DC60 /* TweetDetailsViewController.swift in Sources */,
				B7BD73461F7ECD290090DC60 /* TweetCell.swift in Sources */,
				B70EAB961F7B54DA0023C949 /* LoginViewController.swift in Sources */,
				B7BB59EF1F7CCD8A00401A5F /* TweetsViewController.swift in Sources */,
				B7BD734F1F7F4B380090DC60 /* ControlGroupView.swift in Sources */,
				B70EAB941F7B54DA0023C949 /* AppDelegate.swift in Sources */,
				B7BD73491F7EEA570090DC60 /* DateUtil.swift in Sources */,
				B7BB153C1F7B728F00AD7E1B /* User.swift in Sources */,
				B7BB153E1F7B73B700AD7E1B /* Tweet.swift in Sources */,
			);
			runOnlyForDeploymentPostprocessing = 0;
		};
		B70EABA01F7B54DA0023C949 /* Sources */ = {
			isa = PBXSourcesBuildPhase;
			buildActionMask = 2147483647;
			files = (
				B70EABA91F7B54DA0023C949 /* TwitterTests.swift in Sources */,
			);
			runOnlyForDeploymentPostprocessing = 0;
		};
/* End PBXSourcesBuildPhase section */

/* Begin PBXTargetDependency section */
		B70EABA61F7B54DA0023C949 /* PBXTargetDependency */ = {
			isa = PBXTargetDependency;
			target = B70EAB8F1F7B54DA0023C949 /* Twitter */;
			targetProxy = B70EABA51F7B54DA0023C949 /* PBXContainerItemProxy */;
		};
/* End PBXTargetDependency section */

/* Begin PBXVariantGroup section */
		B70EAB971F7B54DA0023C949 /* Main.storyboard */ = {
			isa = PBXVariantGroup;
			children = (
				B70EAB981F7B54DA0023C949 /* Base */,
			);
			name = Main.storyboard;
			sourceTree = "<group>";
		};
		B70EAB9C1F7B54DA0023C949 /* LaunchScreen.storyboard */ = {
			isa = PBXVariantGroup;
			children = (
				B70EAB9D1F7B54DA0023C949 /* Base */,
			);
			name = LaunchScreen.storyboard;
			sourceTree = "<group>";
		};
/* End PBXVariantGroup section */

/* Begin XCBuildConfiguration section */
		B70EABAB1F7B54DA0023C949 /* Debug */ = {
			isa = XCBuildConfiguration;
			buildSettings = {
				ALWAYS_SEARCH_USER_PATHS = NO;
				CLANG_ANALYZER_NONNULL = YES;
				CLANG_ANALYZER_NUMBER_OBJECT_CONVERSION = YES_AGGRESSIVE;
				CLANG_CXX_LANGUAGE_STANDARD = "gnu++0x";
				CLANG_CXX_LIBRARY = "libc++";
				CLANG_ENABLE_MODULES = YES;
				CLANG_ENABLE_OBJC_ARC = YES;
				CLANG_WARN_BOOL_CONVERSION = YES;
				CLANG_WARN_CONSTANT_CONVERSION = YES;
				CLANG_WARN_DIRECT_OBJC_ISA_USAGE = YES_ERROR;
				CLANG_WARN_DOCUMENTATION_COMMENTS = YES;
				CLANG_WARN_EMPTY_BODY = YES;
				CLANG_WARN_ENUM_CONVERSION = YES;
				CLANG_WARN_INFINITE_RECURSION = YES;
				CLANG_WARN_INT_CONVERSION = YES;
				CLANG_WARN_OBJC_ROOT_CLASS = YES_ERROR;
				CLANG_WARN_SUSPICIOUS_MOVE = YES;
				CLANG_WARN_UNREACHABLE_CODE = YES;
				CLANG_WARN__DUPLICATE_METHOD_MATCH = YES;
				"CODE_SIGN_IDENTITY[sdk=iphoneos*]" = "iPhone Developer";
				COPY_PHASE_STRIP = NO;
				DEBUG_INFORMATION_FORMAT = dwarf;
				ENABLE_STRICT_OBJC_MSGSEND = YES;
				ENABLE_TESTABILITY = YES;
				GCC_C_LANGUAGE_STANDARD = gnu99;
				GCC_DYNAMIC_NO_PIC = NO;
				GCC_NO_COMMON_BLOCKS = YES;
				GCC_OPTIMIZATION_LEVEL = 0;
				GCC_PREPROCESSOR_DEFINITIONS = (
					"DEBUG=1",
					"$(inherited)",
				);
				GCC_WARN_64_TO_32_BIT_CONVERSION = YES;
				GCC_WARN_ABOUT_RETURN_TYPE = YES_ERROR;
				GCC_WARN_UNDECLARED_SELECTOR = YES;
				GCC_WARN_UNINITIALIZED_AUTOS = YES_AGGRESSIVE;
				GCC_WARN_UNUSED_FUNCTION = YES;
				GCC_WARN_UNUSED_VARIABLE = YES;
				IPHONEOS_DEPLOYMENT_TARGET = 10.3;
				MTL_ENABLE_DEBUG_INFO = YES;
				ONLY_ACTIVE_ARCH = YES;
				SDKROOT = iphoneos;
				SWIFT_ACTIVE_COMPILATION_CONDITIONS = DEBUG;
				SWIFT_OPTIMIZATION_LEVEL = "-Onone";
			};
			name = Debug;
		};
		B70EABAC1F7B54DA0023C949 /* Release */ = {
			isa = XCBuildConfiguration;
			buildSettings = {
				ALWAYS_SEARCH_USER_PATHS = NO;
				CLANG_ANALYZER_NONNULL = YES;
				CLANG_ANALYZER_NUMBER_OBJECT_CONVERSION = YES_AGGRESSIVE;
				CLANG_CXX_LANGUAGE_STANDARD = "gnu++0x";
				CLANG_CXX_LIBRARY = "libc++";
				CLANG_ENABLE_MODULES = YES;
				CLANG_ENABLE_OBJC_ARC = YES;
				CLANG_WARN_BOOL_CONVERSION = YES;
				CLANG_WARN_CONSTANT_CONVERSION = YES;
				CLANG_WARN_DIRECT_OBJC_ISA_USAGE = YES_ERROR;
				CLANG_WARN_DOCUMENTATION_COMMENTS = YES;
				CLANG_WARN_EMPTY_BODY = YES;
				CLANG_WARN_ENUM_CONVERSION = YES;
				CLANG_WARN_INFINITE_RECURSION = YES;
				CLANG_WARN_INT_CONVERSION = YES;
				CLANG_WARN_OBJC_ROOT_CLASS = YES_ERROR;
				CLANG_WARN_SUSPICIOUS_MOVE = YES;
				CLANG_WARN_UNREACHABLE_CODE = YES;
				CLANG_WARN__DUPLICATE_METHOD_MATCH = YES;
				"CODE_SIGN_IDENTITY[sdk=iphoneos*]" = "iPhone Developer";
				COPY_PHASE_STRIP = NO;
				DEBUG_INFORMATION_FORMAT = "dwarf-with-dsym";
				ENABLE_NS_ASSERTIONS = NO;
				ENABLE_STRICT_OBJC_MSGSEND = YES;
				GCC_C_LANGUAGE_STANDARD = gnu99;
				GCC_NO_COMMON_BLOCKS = YES;
				GCC_WARN_64_TO_32_BIT_CONVERSION = YES;
				GCC_WARN_ABOUT_RETURN_TYPE = YES_ERROR;
				GCC_WARN_UNDECLARED_SELECTOR = YES;
				GCC_WARN_UNINITIALIZED_AUTOS = YES_AGGRESSIVE;
				GCC_WARN_UNUSED_FUNCTION = YES;
				GCC_WARN_UNUSED_VARIABLE = YES;
				IPHONEOS_DEPLOYMENT_TARGET = 10.3;
				MTL_ENABLE_DEBUG_INFO = NO;
				SDKROOT = iphoneos;
				SWIFT_OPTIMIZATION_LEVEL = "-Owholemodule";
				VALIDATE_PRODUCT = YES;
			};
			name = Release;
		};
		B70EABAE1F7B54DA0023C949 /* Debug */ = {
			isa = XCBuildConfiguration;
			baseConfigurationReference = 6B461D78DD92D31E76CDD436 /* Pods-Twitter.debug.xcconfig */;
			buildSettings = {
				ASSETCATALOG_COMPILER_APPICON_NAME = AppIcon;
				INFOPLIST_FILE = Twitter/Info.plist;
				LD_RUNPATH_SEARCH_PATHS = "$(inherited) @executable_path/Frameworks";
				PRODUCT_BUNDLE_IDENTIFIER = com.rainawang.Bluishbird;
				PRODUCT_NAME = "$(TARGET_NAME)";
				SWIFT_VERSION = 3.0;
			};
			name = Debug;
		};
		B70EABAF1F7B54DA0023C949 /* Release */ = {
			isa = XCBuildConfiguration;
			baseConfigurationReference = CF26C44B83046A50692FAD24 /* Pods-Twitter.release.xcconfig */;
			buildSettings = {
				ASSETCATALOG_COMPILER_APPICON_NAME = AppIcon;
				INFOPLIST_FILE = Twitter/Info.plist;
				LD_RUNPATH_SEARCH_PATHS = "$(inherited) @executable_path/Frameworks";
				PRODUCT_BUNDLE_IDENTIFIER = com.rainawang.Bluishbird;
				PRODUCT_NAME = "$(TARGET_NAME)";
				SWIFT_VERSION = 3.0;
			};
			name = Release;
		};
		B70EABB11F7B54DA0023C949 /* Debug */ = {
			isa = XCBuildConfiguration;
			baseConfigurationReference = 7A2D7189A71BEE7B3897D233 /* Pods-TwitterTests.debug.xcconfig */;
			buildSettings = {
				ALWAYS_EMBED_SWIFT_STANDARD_LIBRARIES = YES;
				BUNDLE_LOADER = "$(TEST_HOST)";
				INFOPLIST_FILE = TwitterTests/Info.plist;
				LD_RUNPATH_SEARCH_PATHS = "$(inherited) @executable_path/Frameworks @loader_path/Frameworks";
				PRODUCT_BUNDLE_IDENTIFIER = com.rainawang.TwitterTests;
				PRODUCT_NAME = "$(TARGET_NAME)";
				SWIFT_VERSION = 3.0;
				TEST_HOST = "$(BUILT_PRODUCTS_DIR)/Twitter.app/Twitter";
			};
			name = Debug;
		};
		B70EABB21F7B54DA0023C949 /* Release */ = {
			isa = XCBuildConfiguration;
			baseConfigurationReference = 59A70AB1DADD02EC402301D8 /* Pods-TwitterTests.release.xcconfig */;
			buildSettings = {
				ALWAYS_EMBED_SWIFT_STANDARD_LIBRARIES = YES;
				BUNDLE_LOADER = "$(TEST_HOST)";
				INFOPLIST_FILE = TwitterTests/Info.plist;
				LD_RUNPATH_SEARCH_PATHS = "$(inherited) @executable_path/Frameworks @loader_path/Frameworks";
				PRODUCT_BUNDLE_IDENTIFIER = com.rainawang.TwitterTests;
				PRODUCT_NAME = "$(TARGET_NAME)";
				SWIFT_VERSION = 3.0;
				TEST_HOST = "$(BUILT_PRODUCTS_DIR)/Twitter.app/Twitter";
			};
			name = Release;
		};
/* End XCBuildConfiguration section */

/* Begin XCConfigurationList section */
		B70EAB8B1F7B54DA0023C949 /* Build configuration list for PBXProject "Twitter" */ = {
			isa = XCConfigurationList;
			buildConfigurations = (
				B70EABAB1F7B54DA0023C949 /* Debug */,
				B70EABAC1F7B54DA0023C949 /* Release */,
			);
			defaultConfigurationIsVisible = 0;
			defaultConfigurationName = Release;
		};
		B70EABAD1F7B54DA0023C949 /* Build configuration list for PBXNativeTarget "Twitter" */ = {
			isa = XCConfigurationList;
			buildConfigurations = (
				B70EABAE1F7B54DA0023C949 /* Debug */,
				B70EABAF1F7B54DA0023C949 /* Release */,
			);
			defaultConfigurationIsVisible = 0;
			defaultConfigurationName = Release;
		};
		B70EABB01F7B54DA0023C949 /* Build configuration list for PBXNativeTarget "TwitterTests" */ = {
			isa = XCConfigurationList;
			buildConfigurations = (
				B70EABB11F7B54DA0023C949 /* Debug */,
				B70EABB21F7B54DA0023C949 /* Release */,
			);
			defaultConfigurationIsVisible = 0;
			defaultConfigurationName = Release;
		};
/* End XCConfigurationList section */
	};
	rootObject = B70EAB881F7B54DA0023C949 /* Project object */;
}
